
Microsoft Visual Studio Solution File, Format Version 12.00
# Visual Studio Version 17
VisualStudioVersion = 17.4.33213.308
MinimumVisualStudioVersion = 10.0.40219.1
Project("{FAE04EC0-301F-11D3-BF4B-00C04F79EFBC}") = "CodeWars_Problems_6Kyu", "CodeWars_Problems_6Kyu\CodeWars_Problems_6Kyu.csproj", "{0CE3AB64-0951-4C7B-ACDF-BD8B06237549}"
EndProject
Global
	GlobalSection(SolutionConfigurationPlatforms) = preSolution
		Debug|Any CPU = Debug|Any CPU
		Release|Any CPU = Release|Any CPU
	EndGlobalSection
	GlobalSection(ProjectConfigurationPlatforms) = postSolution
		{0CE3AB64-0951-4C7B-ACDF-BD8B06237549}.Debug|Any CPU.ActiveCfg = Debug|Any CPU
		{0CE3AB64-0951-4C7B-ACDF-BD8B06237549}.Debug|Any CPU.Build.0 = Debug|Any CPU
		{0CE3AB64-0951-4C7B-ACDF-BD8B06237549}.Release|Any CPU.ActiveCfg = Release|Any CPU
		{0CE3AB64-0951-4C7B-ACDF-BD8B06237549}.Release|Any CPU.Build.0 = Release|Any CPU
	EndGlobalSection
	GlobalSection(SolutionProperties) = preSolution
		HideSolutionNode = FALSE
	EndGlobalSection
	GlobalSection(ExtensibilityGlobals) = postSolution
		SolutionGuid = {B25F7F3D-8C38-4D6F-BA10-4B73F5EE4700}
	EndGlobalSection
EndGlobal
